PODS:
  - Nimble (6.0.1)
  - Quick (1.1.0)
  - RxCocoa (3.2.0):
    - RxSwift (~> 3.1)
  - RxSwift (3.2.0)

DEPENDENCIES:
  - Nimble
  - Quick
  - RxCocoa (~> 3.0)
  - RxSwift (~> 3.0)

SPEC CHECKSUMS:
  Nimble: 1527fd1bd2b4cf0636251a36bc8ab37e81da8347
  Quick: dafc587e21eed9f4cab3249b9f9015b0b7a7f71d
  RxCocoa: ccdf43101a70407097a29082f648ba1676075b30
  RxSwift: 46574f70d416b7923c237195939cc488a7fbf3a0

PODFILE CHECKSUM: 47da3be64694b9e13beff78b2e18c9d62464cc76

COCOAPODS: 1.2.0
